
Microsoft Visual Studio Solution File, Format Version 12.00
# Visual Studio Version 16
VisualStudioVersion = 16.0.30204.135
MinimumVisualStudioVersion = 10.0.40219.1
Project("{FAE04EC0-301F-11D3-BF4B-00C04F79EFBC}") = "NeuLog-Temp", "NeuLog-Temp.csproj", "{A5510E9F-77A5-4195-8641-C53F4E1E0206}"
EndProject
Global
	GlobalSection(SolutionConfigurationPlatforms) = preSolution
		Debug|Any CPU = Debug|Any CPU
		Release|Any CPU = Release|Any CPU
	EndGlobalSection
	GlobalSection(ProjectConfigurationPlatforms) = postSolution
		{A5510E9F-77A5-4195-8641-C53F4E1E0206}.Debug|Any CPU.ActiveCfg = Debug|Any CPU
		{A5510E9F-77A5-4195-8641-C53F4E1E0206}.Debug|Any CPU.Build.0 = Debug|Any CPU
		{A5510E9F-77A5-4195-8641-C53F4E1E0206}.Release|Any CPU.ActiveCfg = Release|Any CPU
		{A5510E9F-77A5-4195-8641-C53F4E1E0206}.Release|Any CPU.Build.0 = Release|Any CPU
	EndGlobalSection
	GlobalSection(SolutionProperties) = preSolution
		HideSolutionNode = FALSE
	EndGlobalSection
	GlobalSection(ExtensibilityGlobals) = postSolution
		SolutionGuid = {A3C9D758-141B-409F-89CD-D9AE742814E9}
	EndGlobalSection
EndGlobal
